// !$*UTF8*$!
{
	archiveVersion = 1;
	classes = {
	};
	objectVersion = 46;
	objects = {

/* Begin PBXBuildFile section */
		4F6ECF691B6CA4600024A059 /* Mirmeca.h in Headers */ = {isa = PBXBuildFile; fileRef = 4F6ECF681B6CA4600024A059 /* Mirmeca.h */; settings = {ATTRIBUTES = (Public, ); }; };
		4F6ECF6F1B6CA4600024A059 /* Mirmeca.framework in Frameworks */ = {isa = PBXBuildFile; fileRef = 4F6ECF631B6CA4600024A059 /* Mirmeca.framework */; };
		4F6ECF761B6CA4600024A059 /* MirmecaTests.swift in Sources */ = {isa = PBXBuildFile; fileRef = 4F6ECF751B6CA4600024A059 /* MirmecaTests.swift */; };
		50E173435561070EF6EDD330 /* Pods_MirmecaTests.framework in Frameworks */ = {isa = PBXBuildFile; fileRef = 64FCB171CAE7EE0BF0688749 /* Pods_MirmecaTests.framework */; settings = {ATTRIBUTES = (Weak, ); }; };
		96756BC631EA7DD15511F6DD /* Pods_Mirmeca.framework in Frameworks */ = {isa = PBXBuildFile; fileRef = 2A73BD7F4C929A4A8E7DADD9 /* Pods_Mirmeca.framework */; settings = {ATTRIBUTES = (Weak, ); }; };
/* End PBXBuildFile section */

/* Begin PBXContainerItemProxy section */
		4F6ECF701B6CA4600024A059 /* PBXContainerItemProxy */ = {
			isa = PBXContainerItemProxy;
			containerPortal = 4F6ECF5A1B6CA4600024A059 /* Project object */;
			proxyType = 1;
			remoteGlobalIDString = 4F6ECF621B6CA4600024A059;
			remoteInfo = Mirmeca;
		};
/* End PBXContainerItemProxy section */

/* Begin PBXFileReference section */
		2A73BD7F4C929A4A8E7DADD9 /* Pods_Mirmeca.framework */ = {isa = PBXFileReference; explicitFileType = wrapper.framework; includeInIndex = 0; path = Pods_Mirmeca.framework; sourceTree = BUILT_PRODUCTS_DIR; };
		35CDC2414BAF5F5B97CEB6AC /* Pods-Mirmeca.release.xcconfig */ = {isa = PBXFileReference; includeInIndex = 1; lastKnownFileType = text.xcconfig; name = "Pods-Mirmeca.release.xcconfig"; path = "Pods/Target Support Files/Pods-Mirmeca/Pods-Mirmeca.release.xcconfig"; sourceTree = "<group>"; };
		4F6ECF631B6CA4600024A059 /* Mirmeca.framework */ = {isa = PBXFileReference; explicitFileType = wrapper.framework; includeInIndex = 0; path = Mirmeca.framework; sourceTree = BUILT_PRODUCTS_DIR; };
		4F6ECF671B6CA4600024A059 /* Info.plist */ = {isa = PBXFileReference; lastKnownFileType = text.plist.xml; path = Info.plist; sourceTree = "<group>"; };
		4F6ECF681B6CA4600024A059 /* Mirmeca.h */ = {isa = PBXFileReference; lastKnownFileType = sourcecode.c.h; path = Mirmeca.h; sourceTree = "<group>"; };
		4F6ECF6E1B6CA4600024A059 /* MirmecaTests.xctest */ = {isa = PBXFileReference; explicitFileType = wrapper.cfbundle; includeInIndex = 0; path = MirmecaTests.xctest; sourceTree = BUILT_PRODUCTS_DIR; };
		4F6ECF741B6CA4600024A059 /* Info.plist */ = {isa = PBXFileReference; lastKnownFileType = text.plist.xml; path = Info.plist; sourceTree = "<group>"; };
		4F6ECF751B6CA4600024A059 /* MirmecaTests.swift */ = {isa = PBXFileReference; lastKnownFileType = sourcecode.swift; path = MirmecaTests.swift; sourceTree = "<group>"; };
		5AE38F7A471D7C1BAFF364B4 /* Pods-Mirmeca.debug.xcconfig */ = {isa = PBXFileReference; includeInIndex = 1; lastKnownFileType = text.xcconfig; name = "Pods-Mirmeca.debug.xcconfig"; path = "Pods/Target Support Files/Pods-Mirmeca/Pods-Mirmeca.debug.xcconfig"; sourceTree = "<group>"; };
		64FCB171CAE7EE0BF0688749 /* Pods_MirmecaTests.framework */ = {isa = PBXFileReference; explicitFileType = wrapper.framework; includeInIndex = 0; path = Pods_MirmecaTests.framework; sourceTree = BUILT_PRODUCTS_DIR; };
		E553211585F656AC1FCF43D3 /* Pods-MirmecaTests.release.xcconfig */ = {isa = PBXFileReference; includeInIndex = 1; lastKnownFileType = text.xcconfig; name = "Pods-MirmecaTests.release.xcconfig"; path = "Pods/Target Support Files/Pods-MirmecaTests/Pods-MirmecaTests.release.xcconfig"; sourceTree = "<group>"; };
		EF53E513CBAF5E44FE315D6F /* Pods-MirmecaTests.debug.xcconfig */ = {isa = PBXFileReference; includeInIndex = 1; lastKnownFileType = text.xcconfig; name = "Pods-MirmecaTests.debug.xcconfig"; path = "Pods/Target Support Files/Pods-MirmecaTests/Pods-MirmecaTests.debug.xcconfig"; sourceTree = "<group>"; };
/* End PBXFileReference section */

/* Begin PBXFrameworksBuildPhase section */
		4F6ECF5F1B6CA4600024A059 /* Frameworks */ = {
			isa = PBXFrameworksBuildPhase;
			buildActionMask = 2147483647;
			files = (
				96756BC631EA7DD15511F6DD /* Pods_Mirmeca.framework in Frameworks */,
			);
			runOnlyForDeploymentPostprocessing = 0;
		};
		4F6ECF6B1B6CA4600024A059 /* Frameworks */ = {
			isa = PBXFrameworksBuildPhase;
			buildActionMask = 2147483647;
			files = (
				4F6ECF6F1B6CA4600024A059 /* Mirmeca.framework in Frameworks */,
				50E173435561070EF6EDD330 /* Pods_MirmecaTests.framework in Frameworks */,
			);
			runOnlyForDeploymentPostprocessing = 0;
		};
/* End PBXFrameworksBuildPhase section */

/* Begin PBXGroup section */
		4F6ECF591B6CA4600024A059 = {
			isa = PBXGroup;
			children = (
				4F6ECF651B6CA4600024A059 /* Mirmeca */,
				4F6ECF721B6CA4600024A059 /* MirmecaTests */,
				4F6ECF641B6CA4600024A059 /* Products */,
				B5397A83F9A86D9A84BE3E2D /* Pods */,
				C01CC950EC17A6F079AA49CF /* Frameworks */,
			);
			sourceTree = "<group>";
		};
		4F6ECF641B6CA4600024A059 /* Products */ = {
			isa = PBXGroup;
			children = (
				4F6ECF631B6CA4600024A059 /* Mirmeca.framework */,
				4F6ECF6E1B6CA4600024A059 /* MirmecaTests.xctest */,
			);
			name = Products;
			sourceTree = "<group>";
		};
		4F6ECF651B6CA4600024A059 /* Mirmeca */ = {
			isa = PBXGroup;
			children = (
				4F6ECF681B6CA4600024A059 /* Mirmeca.h */,
				4F6ECF661B6CA4600024A059 /* Supporting Files */,
			);
			path = Mirmeca;
			sourceTree = "<group>";
		};
		4F6ECF661B6CA4600024A059 /* Supporting Files */ = {
			isa = PBXGroup;
			children = (
				4F6ECF671B6CA4600024A059 /* Info.plist */,
			);
			name = "Supporting Files";
			sourceTree = "<group>";
		};
		4F6ECF721B6CA4600024A059 /* MirmecaTests */ = {
			isa = PBXGroup;
			children = (
				4F6ECF751B6CA4600024A059 /* MirmecaTests.swift */,
				4F6ECF731B6CA4600024A059 /* Supporting Files */,
			);
			path = MirmecaTests;
			sourceTree = "<group>";
		};
		4F6ECF731B6CA4600024A059 /* Supporting Files */ = {
			isa = PBXGroup;
			children = (
				4F6ECF741B6CA4600024A059 /* Info.plist */,
			);
			name = "Supporting Files";
			sourceTree = "<group>";
		};
		B5397A83F9A86D9A84BE3E2D /* Pods */ = {
			isa = PBXGroup;
			children = (
				5AE38F7A471D7C1BAFF364B4 /* Pods-Mirmeca.debug.xcconfig */,
				35CDC2414BAF5F5B97CEB6AC /* Pods-Mirmeca.release.xcconfig */,
				EF53E513CBAF5E44FE315D6F /* Pods-MirmecaTests.debug.xcconfig */,
				E553211585F656AC1FCF43D3 /* Pods-MirmecaTests.release.xcconfig */,
			);
			name = Pods;
			sourceTree = "<group>";
		};
		C01CC950EC17A6F079AA49CF /* Frameworks */ = {
			isa = PBXGroup;
			children = (
				2A73BD7F4C929A4A8E7DADD9 /* Pods_Mirmeca.framework */,
				64FCB171CAE7EE0BF0688749 /* Pods_MirmecaTests.framework */,
			);
			name = Frameworks;
			sourceTree = "<group>";
		};
/* End PBXGroup section */

/* Begin PBXHeadersBuildPhase section */
		4F6ECF601B6CA4600024A059 /* Headers */ = {
			isa = PBXHeadersBuildPhase;
			buildActionMask = 2147483647;
			files = (
				4F6ECF691B6CA4600024A059 /* Mirmeca.h in Headers */,
			);
			runOnlyForDeploymentPostprocessing = 0;
		};
/* End PBXHeadersBuildPhase section */

/* Begin PBXNativeTarget section */
		4F6ECF621B6CA4600024A059 /* Mirmeca */ = {
			isa = PBXNativeTarget;
			buildConfigurationList = 4F6ECF791B6CA4600024A059 /* Build configuration list for PBXNativeTarget "Mirmeca" */;
			buildPhases = (
				FED973CD310B0EC136D6EC66 /* Check Pods Manifest.lock */,
				4F6ECF5E1B6CA4600024A059 /* Sources */,
				4F6ECF5F1B6CA4600024A059 /* Frameworks */,
				4F6ECF601B6CA4600024A059 /* Headers */,
				4F6ECF611B6CA4600024A059 /* Resources */,
				3479A3ADA195CE9E4442AC53 /* Copy Pods Resources */,
			);
			buildRules = (
			);
			dependencies = (
			);
			name = Mirmeca;
			productName = Mirmeca;
			productReference = 4F6ECF631B6CA4600024A059 /* Mirmeca.framework */;
			productType = "com.apple.product-type.framework";
		};
		4F6ECF6D1B6CA4600024A059 /* MirmecaTests */ = {
			isa = PBXNativeTarget;
			buildConfigurationList = 4F6ECF7C1B6CA4600024A059 /* Build configuration list for PBXNativeTarget "MirmecaTests" */;
			buildPhases = (
				1E25F458A60FF1F22C3573A4 /* Check Pods Manifest.lock */,
				4F6ECF6A1B6CA4600024A059 /* Sources */,
				4F6ECF6B1B6CA4600024A059 /* Frameworks */,
				4F6ECF6C1B6CA4600024A059 /* Resources */,
				2AB26BA3FF5A45303E4CB957 /* Embed Pods Frameworks */,
				50C184C5E0645E19A53B6B7D /* Copy Pods Resources */,
			);
			buildRules = (
			);
			dependencies = (
				4F6ECF711B6CA4600024A059 /* PBXTargetDependency */,
			);
			name = MirmecaTests;
			productName = MirmecaTests;
			productReference = 4F6ECF6E1B6CA4600024A059 /* MirmecaTests.xctest */;
			productType = "com.apple.product-type.bundle.unit-test";
		};
/* End PBXNativeTarget section */

/* Begin PBXProject section */
		4F6ECF5A1B6CA4600024A059 /* Project object */ = {
			isa = PBXProject;
			attributes = {
				LastUpgradeCheck = 0640;
				ORGANIZATIONNAME = Mirmeca;
				TargetAttributes = {
					4F6ECF621B6CA4600024A059 = {
						CreatedOnToolsVersion = 6.4;
					};
					4F6ECF6D1B6CA4600024A059 = {
						CreatedOnToolsVersion = 6.4;
					};
				};
			};
			buildConfigurationList = 4F6ECF5D1B6CA4600024A059 /* Build configuration list for PBXProject "Mirmeca" */;
			compatibilityVersion = "Xcode 3.2";
			developmentRegion = English;
			hasScannedForEncodings = 0;
			knownRegions = (
				en,
			);
			mainGroup = 4F6ECF591B6CA4600024A059;
			productRefGroup = 4F6ECF641B6CA4600024A059 /* Products */;
			projectDirPath = "";
			projectRoot = "";
			targets = (
				4F6ECF621B6CA4600024A059 /* Mirmeca */,
				4F6ECF6D1B6CA4600024A059 /* MirmecaTests */,
			);
		};
/* End PBXProject section */

/* Begin PBXResourcesBuildPhase section */
		4F6ECF611B6CA4600024A059 /* Resources */ = {
			isa = PBXResourcesBuildPhase;
			buildActionMask = 2147483647;
			files = (
			);
			runOnlyForDeploymentPostprocessing = 0;
		};
		4F6ECF6C1B6CA4600024A059 /* Resources */ = {
			isa = PBXResourcesBuildPhase;
			buildActionMask = 2147483647;
			files = (
			);
			runOnlyForDeploymentPostprocessing = 0;
		};
/* End PBXResourcesBuildPhase section */

/* Begin PBXShellScriptBuildPhase section */
		1E25F458A60FF1F22C3573A4 /* Check Pods Manifest.lock */ = {
			isa = PBXShellScriptBuildPhase;
			buildActionMask = 2147483647;
			files = (
			);
			inputPaths = (
			);
			name = "Check Pods Manifest.lock";
			outputPaths = (
			);
			runOnlyForDeploymentPostprocessing = 0;
			shellPath = /bin/sh;
			shellScript = "diff \"${PODS_ROOT}/../Podfile.lock\" \"${PODS_ROOT}/Manifest.lock\" > /dev/null\nif [[ $? != 0 ]] ; then\n    cat << EOM\nerror: The sandbox is not in sync with the Podfile.lock. Run 'pod install' or update your CocoaPods installation.\nEOM\n    exit 1\nfi\n";
			showEnvVarsInLog = 0;
		};
		2AB26BA3FF5A45303E4CB957 /* Embed Pods Frameworks */ = {
			isa = PBXShellScriptBuildPhase;
			buildActionMask = 2147483647;
			files = (
			);
			inputPaths = (
			);
			name = "Embed Pods Frameworks";
			outputPaths = (
			);
			runOnlyForDeploymentPostprocessing = 0;
			shellPath = /bin/sh;
			shellScript = "\"${SRCROOT}/Pods/Target Support Files/Pods-MirmecaTests/Pods-MirmecaTests-frameworks.sh\"\n";
			showEnvVarsInLog = 0;
		};
		3479A3ADA195CE9E4442AC53 /* Copy Pods Resources */ = {
			isa = PBXShellScriptBuildPhase;
			buildActionMask = 2147483647;
			files = (
			);
			inputPaths = (
			);
			name = "Copy Pods Resources";
			outputPaths = (
			);
			runOnlyForDeploymentPostprocessing = 0;
			shellPath = /bin/sh;
			shellScript = "\"${SRCROOT}/Pods/Target Support Files/Pods-Mirmeca/Pods-Mirmeca-resources.sh\"\n";
			showEnvVarsInLog = 0;
		};
		50C184C5E0645E19A53B6B7D /* Copy Pods Resources */ = {
			isa = PBXShellScriptBuildPhase;
			buildActionMask = 2147483647;
			files = (
			);
			inputPaths = (
			);
			name = "Copy Pods Resources";
			outputPaths = (
			);
			runOnlyForDeploymentPostprocessing = 0;
			shellPath = /bin/sh;
			shellScript = "\"${SRCROOT}/Pods/Target Support Files/Pods-MirmecaTests/Pods-MirmecaTests-resources.sh\"\n";
			showEnvVarsInLog = 0;
		};
		FED973CD310B0EC136D6EC66 /* Check Pods Manifest.lock */ = {
			isa = PBXShellScriptBuildPhase;
			buildActionMask = 2147483647;
			files = (
			);
			inputPaths = (
			);
			name = "Check Pods Manifest.lock";
			outputPaths = (
			);
			runOnlyForDeploymentPostprocessing = 0;
			shellPath = /bin/sh;
			shellScript = "diff \"${PODS_ROOT}/../Podfile.lock\" \"${PODS_ROOT}/Manifest.lock\" > /dev/null\nif [[ $? != 0 ]] ; then\n    cat << EOM\nerror: The sandbox is not in sync with the Podfile.lock. Run 'pod install' or update your CocoaPods installation.\nEOM\n    exit 1\nfi\n";
			showEnvVarsInLog = 0;
		};
/* End PBXShellScriptBuildPhase section */

/* Begin PBXSourcesBuildPhase section */
		4F6ECF5E1B6CA4600024A059 /* Sources */ = {
			isa = PBXSourcesBuildPhase;
			buildActionMask = 2147483647;
			files = (
			);
			runOnlyForDeploymentPostprocessing = 0;
		};
		4F6ECF6A1B6CA4600024A059 /* Sources */ = {
			isa = PBXSourcesBuildPhase;
			buildActionMask = 2147483647;
			files = (
				4F6ECF761B6CA4600024A059 /* MirmecaTests.swift in Sources */,
			);
			runOnlyForDeploymentPostprocessing = 0;
		};
/* End PBXSourcesBuildPhase section */

/* Begin PBXTargetDependency section */
		4F6ECF711B6CA4600024A059 /* PBXTargetDependency */ = {
			isa = PBXTargetDependency;
			target = 4F6ECF621B6CA4600024A059 /* Mirmeca */;
			targetProxy = 4F6ECF701B6CA4600024A059 /* PBXContainerItemProxy */;
		};
/* End PBXTargetDependency section */

/* Begin XCBuildConfiguration section */
		4F6ECF771B6CA4600024A059 /* Debug */ = {
			isa = XCBuildConfiguration;
			buildSettings = {
				ALWAYS_SEARCH_USER_PATHS = NO;
				CLANG_CXX_LANGUAGE_STANDARD = "gnu++0x";
				CLANG_CXX_LIBRARY = "libc++";
				CLANG_ENABLE_MODULES = YES;
				CLANG_ENABLE_OBJC_ARC = YES;
				CLANG_WARN_BOOL_CONVERSION = YES;
				CLANG_WARN_CONSTANT_CONVERSION = YES;
				CLANG_WARN_DIRECT_OBJC_ISA_USAGE = YES_ERROR;
				CLANG_WARN_EMPTY_BODY = YES;
				CLANG_WARN_ENUM_CONVERSION = YES;
				CLANG_WARN_INT_CONVERSION = YES;
				CLANG_WARN_OBJC_ROOT_CLASS = YES_ERROR;
				CLANG_WARN_UNREACHABLE_CODE = YES;
				CLANG_WARN__DUPLICATE_METHOD_MATCH = YES;
				"CODE_SIGN_IDENTITY[sdk=iphoneos*]" = "iPhone Developer";
				COPY_PHASE_STRIP = NO;
				CURRENT_PROJECT_VERSION = 1;
				DEBUG_INFORMATION_FORMAT = "dwarf-with-dsym";
				ENABLE_STRICT_OBJC_MSGSEND = YES;
				GCC_C_LANGUAGE_STANDARD = gnu99;
				GCC_DYNAMIC_NO_PIC = NO;
				GCC_NO_COMMON_BLOCKS = YES;
				GCC_OPTIMIZATION_LEVEL = 0;
				GCC_PREPROCESSOR_DEFINITIONS = (
					"DEBUG=1",
					"$(inherited)",
				);
				GCC_SYMBOLS_PRIVATE_EXTERN = NO;
				GCC_WARN_64_TO_32_BIT_CONVERSION = YES;
				GCC_WARN_ABOUT_RETURN_TYPE = YES_ERROR;
				GCC_WARN_UNDECLARED_SELECTOR = YES;
				GCC_WARN_UNINITIALIZED_AUTOS = YES_AGGRESSIVE;
				GCC_WARN_UNUSED_FUNCTION = YES;
				GCC_WARN_UNUSED_VARIABLE = YES;
				IPHONEOS_DEPLOYMENT_TARGET = 8.4;
				MTL_ENABLE_DEBUG_INFO = YES;
				ONLY_ACTIVE_ARCH = YES;
				SDKROOT = iphoneos;
				SWIFT_OPTIMIZATION_LEVEL = "-Onone";
				TARGETED_DEVICE_FAMILY = "1,2";
				VERSIONING_SYSTEM = "apple-generic";
				VERSION_INFO_PREFIX = "";
			};
			name = Debug;
		};
		4F6ECF781B6CA4600024A059 /* Release */ = {
			isa = XCBuildConfiguration;
			buildSettings = {
				ALWAYS_SEARCH_USER_PATHS = NO;
				CLANG_CXX_LANGUAGE_STANDARD = "gnu++0x";
				CLANG_CXX_LIBRARY = "libc++";
				CLANG_ENABLE_MODULES = YES;
				CLANG_ENABLE_OBJC_ARC = YES;
				CLANG_WARN_BOOL_CONVERSION = YES;
				CLANG_WARN_CONSTANT_CONVERSION = YES;
				CLANG_WARN_DIRECT_OBJC_ISA_USAGE = YES_ERROR;
				CLANG_WARN_EMPTY_BODY = YES;
				CLANG_WARN_ENUM_CONVERSION = YES;
				CLANG_WARN_INT_CONVERSION = YES;
				CLANG_WARN_OBJC_ROOT_CLASS = YES_ERROR;
				CLANG_WARN_UNREACHABLE_CODE = YES;
				CLANG_WARN__DUPLICATE_METHOD_MATCH = YES;
				"CODE_SIGN_IDENTITY[sdk=iphoneos*]" = "iPhone Developer";
				COPY_PHASE_STRIP = NO;
				CURRENT_PROJECT_VERSION = 1;
				DEBUG_INFORMATION_FORMAT = "dwarf-with-dsym";
				ENABLE_NS_ASSERTIONS = NO;
				ENABLE_STRICT_OBJC_MSGSEND = YES;
				GCC_C_LANGUAGE_STANDARD = gnu99;
				GCC_NO_COMMON_BLOCKS = YES;
				GCC_WARN_64_TO_32_BIT_CONVERSION = YES;
				GCC_WARN_ABOUT_RETURN_TYPE = YES_ERROR;
				GCC_WARN_UNDECLARED_SELECTOR = YES;
				GCC_WARN_UNINITIALIZED_AUTOS = YES_AGGRESSIVE;
				GCC_WARN_UNUSED_FUNCTION = YES;
				GCC_WARN_UNUSED_VARIABLE = YES;
				IPHONEOS_DEPLOYMENT_TARGET = 8.4;
				MTL_ENABLE_DEBUG_INFO = NO;
				SDKROOT = iphoneos;
				TARGETED_DEVICE_FAMILY = "1,2";
				VALIDATE_PRODUCT = YES;
				VERSIONING_SYSTEM = "apple-generic";
				VERSION_INFO_PREFIX = "";
			};
			name = Release;
		};
		4F6ECF7A1B6CA4600024A059 /* Debug */ = {
			isa = XCBuildConfiguration;
			baseConfigurationReference = 5AE38F7A471D7C1BAFF364B4 /* Pods-Mirmeca.debug.xcconfig */;
			buildSettings = {
				DEFINES_MODULE = YES;
				DYLIB_COMPATIBILITY_VERSION = 1;
				DYLIB_CURRENT_VERSION = 1;
				DYLIB_INSTALL_NAME_BASE = "@rpath";
				INFOPLIST_FILE = Mirmeca/Info.plist;
				INSTALL_PATH = "$(LOCAL_LIBRARY_DIR)/Frameworks";
				LD_RUNPATH_SEARCH_PATHS = "$(inherited) @executable_path/Frameworks @loader_path/Frameworks";
				PRODUCT_NAME = "$(TARGET_NAME)";
				SKIP_INSTALL = YES;
			};
			name = Debug;
		};
		4F6ECF7B1B6CA4600024A059 /* Release */ = {
			isa = XCBuildConfiguration;
			baseConfigurationReference = 35CDC2414BAF5F5B97CEB6AC /* Pods-Mirmeca.release.xcconfig */;
			buildSettings = {
				DEFINES_MODULE = YES;
				DYLIB_COMPATIBILITY_VERSION = 1;
				DYLIB_CURRENT_VERSION = 1;
				DYLIB_INSTALL_NAME_BASE = "@rpath";
				INFOPLIST_FILE = Mirmeca/Info.plist;
				INSTALL_PATH = "$(LOCAL_LIBRARY_DIR)/Frameworks";
				LD_RUNPATH_SEARCH_PATHS = "$(inherited) @executable_path/Frameworks @loader_path/Frameworks";
				PRODUCT_NAME = "$(TARGET_NAME)";
				SKIP_INSTALL = YES;
			};
			name = Release;
		};
		4F6ECF7D1B6CA4600024A059 /* Debug */ = {
			isa = XCBuildConfiguration;
			baseConfigurationReference = EF53E513CBAF5E44FE315D6F /* Pods-MirmecaTests.debug.xcconfig */;
			buildSettings = {
				FRAMEWORK_SEARCH_PATHS = (
					"$(SDKROOT)/Developer/Library/Frameworks",
					"$(inherited)",
				);
				GCC_PREPROCESSOR_DEFINITIONS = (
					"DEBUG=1",
					"$(inherited)",
				);
				INFOPLIST_FILE = MirmecaTests/Info.plist;
				LD_RUNPATH_SEARCH_PATHS = "$(inherited) @executable_path/Frameworks @loader_path/Frameworks";
				PRODUCT_NAME = "$(TARGET_NAME)";
			};
			name = Debug;
		};
		4F6ECF7E1B6CA4600024A059 /* Release */ = {
			isa = XCBuildConfiguration;
			baseConfigurationReference = E553211585F656AC1FCF43D3 /* Pods-MirmecaTests.release.xcconfig */;
			buildSettings = {
				FRAMEWORK_SEARCH_PATHS = (
					"$(SDKROOT)/Developer/Library/Frameworks",
					"$(inherited)",
				);
				INFOPLIST_FILE = MirmecaTests/Info.plist;
				LD_RUNPATH_SEARCH_PATHS = "$(inherited) @executable_path/Frameworks @loader_path/Frameworks";
				PRODUCT_NAME = "$(TARGET_NAME)";
			};
			name = Release;
		};
/* End XCBuildConfiguration section */

/* Begin XCConfigurationList section */
		4F6ECF5D1B6CA4600024A059 /* Build configuration list for PBXProject "Mirmeca" */ = {
			isa = XCConfigurationList;
			buildConfigurations = (
				4F6ECF771B6CA4600024A059 /* Debug */,
				4F6ECF781B6CA4600024A059 /* Release */,
			);
			defaultConfigurationIsVisible = 0;
			defaultConfigurationName = Release;
		};
		4F6ECF791B6CA4600024A059 /* Build configuration list for PBXNativeTarget "Mirmeca" */ = {
			isa = XCConfigurationList;
			buildConfigurations = (
				4F6ECF7A1B6CA4600024A059 /* Debug */,
				4F6ECF7B1B6CA4600024A059 /* Release */,
			);
			defaultConfigurationIsVisible = 0;
			defaultConfigurationName = Release;
		};
		4F6ECF7C1B6CA4600024A059 /* Build configuration list for PBXNativeTarget "MirmecaTests" */ = {
			isa = XCConfigurationList;
			buildConfigurations = (
				4F6ECF7D1B6CA4600024A059 /* Debug */,
				4F6ECF7E1B6CA4600024A059 /* Release */,
			);
			defaultConfigurationIsVisible = 0;
			defaultConfigurationName = Release;
		};
/* End XCConfigurationList section */
	};
	rootObject = 4F6ECF5A1B6CA4600024A059 /* Project object */;
}
